{
  "name": "music",
  "version": "1.0.0",
  "lockfileVersion": 2,
  "requires": true,
  "packages": {
    "": {
      "name": "music",
      "version": "1.0.0",
      "license": "ISC",
      "dependencies": {
        "moment": "^2.29.3",
        "pubsub-js": "^1.9.4"
      }
    },
    "node_modules/moment": {
      "version": "2.29.3",
      "resolved": "https://registry.npmmirror.com/moment/-/moment-2.29.3.tgz",
      "integrity": "sha512-c6YRvhEo//6T2Jz/vVtYzqBzwvPT95JBQ+smCytzf7c50oMZRsR/a4w88aD34I+/QVSfnoAnSBFPJHItlOMJVw==",
      "engines": {
        "node": "*"
      }
    },
    "node_modules/pubsub-js": {
      "version": "1.9.4",
      "resolved": "https://registry.npmmirror.com/pubsub-js/-/pubsub-js-1.9.4.tgz",
      "integrity": "sha512-hJYpaDvPH4w8ZX/0Fdf9ma1AwRgU353GfbaVfPjfJQf1KxZ2iHaHl3fAUw1qlJIR5dr4F3RzjGaWohYUEyoh7A=="
    }
  },
  "dependencies": {
    "moment": {
      "version": "2.29.3",
      "resolved": "https://registry.npmmirror.com/moment/-/moment-2.29.3.tgz",
      "integrity": "sha512-c6YRvhEo//6T2Jz/vVtYzqBzwvPT95JBQ+smCytzf7c50oMZRsR/a4w88aD34I+/QVSfnoAnSBFPJHItlOMJVw=="
    },
    "pubsub-js": {
      "version": "1.9.4",
      "resolved": "https://registry.npmmirror.com/pubsub-js/-/pubsub-js-1.9.4.tgz",
      "integrity": "sha512-hJYpaDvPH4w8ZX/0Fdf9ma1AwRgU353GfbaVfPjfJQf1KxZ2iHaHl3fAUw1qlJIR5dr4F3RzjGaWohYUEyoh7A=="
    }
  }
}
